// !$*UTF8*$!
{
	archiveVersion = 1;
	classes = {
	};
	objectVersion = 55;
	objects = {

/* Begin PBXBuildFile section */
		56424DFC2868C1920009BF8E /* AppDelegate.swift in Sources */ = {isa = PBXBuildFile; fileRef = 56424DFB2868C1920009BF8E /* AppDelegate.swift */; };
		56424E052868C1930009BF8E /* Assets.xcassets in Resources */ = {isa = PBXBuildFile; fileRef = 56424E042868C1930009BF8E /* Assets.xcassets */; };
		56424E082868C1930009BF8E /* LaunchScreen.storyboard in Resources */ = {isa = PBXBuildFile; fileRef = 56424E062868C1930009BF8E /* LaunchScreen.storyboard */; };
		56AA458E2868C687004328CC /* ListController.swift in Sources */ = {isa = PBXBuildFile; fileRef = 56AA458D2868C687004328CC /* ListController.swift */; };
		56AA45902868C6EF004328CC /* List.storyboard in Resources */ = {isa = PBXBuildFile; fileRef = 56AA458F2868C6EF004328CC /* List.storyboard */; };
		56AA45922868C76D004328CC /* ListViewModel.swift in Sources */ = {isa = PBXBuildFile; fileRef = 56AA45912868C76D004328CC /* ListViewModel.swift */; };
		56AA45952868CB6F004328CC /* ListCell.swift in Sources */ = {isa = PBXBuildFile; fileRef = 56AA45942868CB6F004328CC /* ListCell.swift */; };
		56AA45972868CBD3004328CC /* ListCell.xib in Resources */ = {isa = PBXBuildFile; fileRef = 56AA45962868CBD3004328CC /* ListCell.xib */; };
		56AA45992868D037004328CC /* ListManager.swift in Sources */ = {isa = PBXBuildFile; fileRef = 56AA45982868D037004328CC /* ListManager.swift */; };
		56AA459C2868D1F0004328CC /* Vehicle.swift in Sources */ = {isa = PBXBuildFile; fileRef = 56AA459B2868D1F0004328CC /* Vehicle.swift */; };
/* End PBXBuildFile section */

/* Begin PBXFileReference section */
		56424DF82868C1920009BF8E /* VehicleMap.app */ = {isa = PBXFileReference; explicitFileType = wrapper.application; includeInIndex = 0; path = VehicleMap.app; sourceTree = BUILT_PRODUCTS_DIR; };
		56424DFB2868C1920009BF8E /* AppDelegate.swift */ = {isa = PBXFileReference; lastKnownFileType = sourcecode.swift; path = AppDelegate.swift; sourceTree = "<group>"; };
		56424E042868C1930009BF8E /* Assets.xcassets */ = {isa = PBXFileReference; lastKnownFileType = folder.assetcatalog; path = Assets.xcassets; sourceTree = "<group>"; };
		56424E072868C1930009BF8E /* Base */ = {isa = PBXFileReference; lastKnownFileType = file.storyboard; name = Base; path = Base.lproj/LaunchScreen.storyboard; sourceTree = "<group>"; };
		56424E092868C1930009BF8E /* Info.plist */ = {isa = PBXFileReference; lastKnownFileType = text.plist.xml; path = Info.plist; sourceTree = "<group>"; };
		56AA458D2868C687004328CC /* ListController.swift */ = {isa = PBXFileReference; lastKnownFileType = sourcecode.swift; path = ListController.swift; sourceTree = "<group>"; };
		56AA458F2868C6EF004328CC /* List.storyboard */ = {isa = PBXFileReference; lastKnownFileType = file.storyboard; path = List.storyboard; sourceTree = "<group>"; };
		56AA45912868C76D004328CC /* ListViewModel.swift */ = {isa = PBXFileReference; lastKnownFileType = sourcecode.swift; path = ListViewModel.swift; sourceTree = "<group>"; };
		56AA45942868CB6F004328CC /* ListCell.swift */ = {isa = PBXFileReference; lastKnownFileType = sourcecode.swift; path = ListCell.swift; sourceTree = "<group>"; };
		56AA45962868CBD3004328CC /* ListCell.xib */ = {isa = PBXFileReference; lastKnownFileType = file.xib; path = ListCell.xib; sourceTree = "<group>"; };
		56AA45982868D037004328CC /* ListManager.swift */ = {isa = PBXFileReference; lastKnownFileType = sourcecode.swift; path = ListManager.swift; sourceTree = "<group>"; };
		56AA459B2868D1F0004328CC /* Vehicle.swift */ = {isa = PBXFileReference; lastKnownFileType = sourcecode.swift; path = Vehicle.swift; sourceTree = "<group>"; };
/* End PBXFileReference section */

/* Begin PBXFrameworksBuildPhase section */
		56424DF52868C1920009BF8E /* Frameworks */ = {
			isa = PBXFrameworksBuildPhase;
			buildActionMask = 2147483647;
			files = (
			);
			runOnlyForDeploymentPostprocessing = 0;
		};
/* End PBXFrameworksBuildPhase section */

/* Begin PBXGroup section */
		56424DEF2868C1920009BF8E = {
			isa = PBXGroup;
			children = (
				56424DFA2868C1920009BF8E /* VehicleMap */,
				56424DF92868C1920009BF8E /* Products */,
			);
			sourceTree = "<group>";
		};
		56424DF92868C1920009BF8E /* Products */ = {
			isa = PBXGroup;
			children = (
				56424DF82868C1920009BF8E /* VehicleMap.app */,
			);
			name = Products;
			sourceTree = "<group>";
		};
		56424DFA2868C1920009BF8E /* VehicleMap */ = {
			isa = PBXGroup;
			children = (
				56424DFB2868C1920009BF8E /* AppDelegate.swift */,
				56424E092868C1930009BF8E /* Info.plist */,
				56AA458C2868C5C7004328CC /* Resources */,
				56AA458B2868C5C1004328CC /* Services */,
				56AA45882868C59E004328CC /* Scenes */,
			);
			path = VehicleMap;
			sourceTree = "<group>";
		};
		56AA45882868C59E004328CC /* Scenes */ = {
			isa = PBXGroup;
			children = (
				56AA458A2868C5B0004328CC /* Detail */,
				56AA45892868C5A5004328CC /* List */,
			);
			path = Scenes;
			sourceTree = "<group>";
		};
		56AA45892868C5A5004328CC /* List */ = {
			isa = PBXGroup;
			children = (
				56AA459A2868D17B004328CC /* Model */,
				56AA45932868CB5C004328CC /* UI */,
				56AA458F2868C6EF004328CC /* List.storyboard */,
				56AA458D2868C687004328CC /* ListController.swift */,
				56AA45912868C76D004328CC /* ListViewModel.swift */,
			);
			path = List;
			sourceTree = "<group>";
		};
		56AA458A2868C5B0004328CC /* Detail */ = {
			isa = PBXGroup;
			children = (
			);
			path = Detail;
			sourceTree = "<group>";
		};
		56AA458B2868C5C1004328CC /* Services */ = {
			isa = PBXGroup;
			children = (
				56AA45982868D037004328CC /* ListManager.swift */,
			);
			path = Services;
			sourceTree = "<group>";
		};
		56AA458C2868C5C7004328CC /* Resources */ = {
			isa = PBXGroup;
			children = (
				56424E062868C1930009BF8E /* LaunchScreen.storyboard */,
				56424E042868C1930009BF8E /* Assets.xcassets */,
			);
			path = Resources;
			sourceTree = "<group>";
		};
		56AA45932868CB5C004328CC /* UI */ = {
			isa = PBXGroup;
			children = (
				56AA45942868CB6F004328CC /* ListCell.swift */,
				56AA45962868CBD3004328CC /* ListCell.xib */,
			);
			path = UI;
			sourceTree = "<group>";
		};
		56AA459A2868D17B004328CC /* Model */ = {
			isa = PBXGroup;
			children = (
				56AA459B2868D1F0004328CC /* Vehicle.swift */,
			);
			path = Model;
			sourceTree = "<group>";
		};
/* End PBXGroup section */

/* Begin PBXNativeTarget section */
		56424DF72868C1920009BF8E /* VehicleMap */ = {
			isa = PBXNativeTarget;
			buildConfigurationList = 56424E0C2868C1930009BF8E /* Build configuration list for PBXNativeTarget "VehicleMap" */;
			buildPhases = (
				56424DF42868C1920009BF8E /* Sources */,
				56424DF52868C1920009BF8E /* Frameworks */,
				56424DF62868C1920009BF8E /* Resources */,
			);
			buildRules = (
			);
			dependencies = (
			);
			name = VehicleMap;
			productName = VehicleMap;
			productReference = 56424DF82868C1920009BF8E /* VehicleMap.app */;
			productType = "com.apple.product-type.application";
		};
/* End PBXNativeTarget section */

/* Begin PBXProject section */
		56424DF02868C1920009BF8E /* Project object */ = {
			isa = PBXProject;
			attributes = {
				BuildIndependentTargetsInParallel = 1;
				LastSwiftUpdateCheck = 1340;
				LastUpgradeCheck = 1340;
				TargetAttributes = {
					56424DF72868C1920009BF8E = {
						CreatedOnToolsVersion = 13.4;
					};
				};
			};
			buildConfigurationList = 56424DF32868C1920009BF8E /* Build configuration list for PBXProject "VehicleMap" */;
			compatibilityVersion = "Xcode 13.0";
			developmentRegion = en;
			hasScannedForEncodings = 0;
			knownRegions = (
				en,
				Base,
			);
			mainGroup = 56424DEF2868C1920009BF8E;
			productRefGroup = 56424DF92868C1920009BF8E /* Products */;
			projectDirPath = "";
			projectRoot = "";
			targets = (
				56424DF72868C1920009BF8E /* VehicleMap */,
			);
		};
/* End PBXProject section */

/* Begin PBXResourcesBuildPhase section */
		56424DF62868C1920009BF8E /* Resources */ = {
			isa = PBXResourcesBuildPhase;
			buildActionMask = 2147483647;
			files = (
				56424E082868C1930009BF8E /* LaunchScreen.storyboard in Resources */,
				56AA45972868CBD3004328CC /* ListCell.xib in Resources */,
				56AA45902868C6EF004328CC /* List.storyboard in Resources */,
				56424E052868C1930009BF8E /* Assets.xcassets in Resources */,
			);
			runOnlyForDeploymentPostprocessing = 0;
		};
/* End PBXResourcesBuildPhase section */

/* Begin PBXSourcesBuildPhase section */
		56424DF42868C1920009BF8E /* Sources */ = {
			isa = PBXSourcesBuildPhase;
			buildActionMask = 2147483647;
			files = (
				56AA459C2868D1F0004328CC /* Vehicle.swift in Sources */,
				56424DFC2868C1920009BF8E /* AppDelegate.swift in Sources */,
				56AA45952868CB6F004328CC /* ListCell.swift in Sources */,
				56AA458E2868C687004328CC /* ListController.swift in Sources */,
				56AA45922868C76D004328CC /* ListViewModel.swift in Sources */,
				56AA45992868D037004328CC /* ListManager.swift in Sources */,
			);
			runOnlyForDeploymentPostprocessing = 0;
		};
/* End PBXSourcesBuildPhase section */

/* Begin PBXVariantGroup section */
		56424E062868C1930009BF8E /* LaunchScreen.storyboard */ = {
			isa = PBXVariantGroup;
			children = (
				56424E072868C1930009BF8E /* Base */,
			);
			name = LaunchScreen.storyboard;
			sourceTree = "<group>";
		};
/* End PBXVariantGroup section */

/* Begin XCBuildConfiguration section */
		56424E0A2868C1930009BF8E /* Debug */ = {
			isa = XCBuildConfiguration;
			buildSettings = {
				ALWAYS_SEARCH_USER_PATHS = NO;
				CLANG_ANALYZER_NONNULL = YES;
				CLANG_ANALYZER_NUMBER_OBJECT_CONVERSION = YES_AGGRESSIVE;
				CLANG_CXX_LANGUAGE_STANDARD = "gnu++17";
				CLANG_ENABLE_MODULES = YES;
				CLANG_ENABLE_OBJC_ARC = YES;
				CLANG_ENABLE_OBJC_WEAK = YES;
				CLANG_WARN_BLOCK_CAPTURE_AUTORELEASING = YES;
				CLANG_WARN_BOOL_CONVERSION = YES;
				CLANG_WARN_COMMA = YES;
				CLANG_WARN_CONSTANT_CONVERSION = YES;
				CLANG_WARN_DEPRECATED_OBJC_IMPLEMENTATIONS = YES;
				CLANG_WARN_DIRECT_OBJC_ISA_USAGE = YES_ERROR;
				CLANG_WARN_DOCUMENTATION_COMMENTS = YES;
				CLANG_WARN_EMPTY_BODY = YES;
				CLANG_WARN_ENUM_CONVERSION = YES;
				CLANG_WARN_INFINITE_RECURSION = YES;
				CLANG_WARN_INT_CONVERSION = YES;
				CLANG_WARN_NON_LITERAL_NULL_CONVERSION = YES;
				CLANG_WARN_OBJC_IMPLICIT_RETAIN_SELF = YES;
				CLANG_WARN_OBJC_LITERAL_CONVERSION = YES;
				CLANG_WARN_OBJC_ROOT_CLASS = YES_ERROR;
				CLANG_WARN_QUOTED_INCLUDE_IN_FRAMEWORK_HEADER = YES;
				CLANG_WARN_RANGE_LOOP_ANALYSIS = YES;
				CLANG_WARN_STRICT_PROTOTYPES = YES;
				CLANG_WARN_SUSPICIOUS_MOVE = YES;
				CLANG_WARN_UNGUARDED_AVAILABILITY = YES_AGGRESSIVE;
				CLANG_WARN_UNREACHABLE_CODE = YES;
				CLANG_WARN__DUPLICATE_METHOD_MATCH = YES;
				COPY_PHASE_STRIP = NO;
				DEBUG_INFORMATION_FORMAT = dwarf;
				ENABLE_STRICT_OBJC_MSGSEND = YES;
				ENABLE_TESTABILITY = YES;
				GCC_C_LANGUAGE_STANDARD = gnu11;
				GCC_DYNAMIC_NO_PIC = NO;
				GCC_NO_COMMON_BLOCKS = YES;
				GCC_OPTIMIZATION_LEVEL = 0;
				GCC_PREPROCESSOR_DEFINITIONS = (
					"DEBUG=1",
					"$(inherited)",
				);
				GCC_WARN_64_TO_32_BIT_CONVERSION = YES;
				GCC_WARN_ABOUT_RETURN_TYPE = YES_ERROR;
				GCC_WARN_UNDECLARED_SELECTOR = YES;
				GCC_WARN_UNINITIALIZED_AUTOS = YES_AGGRESSIVE;
				GCC_WARN_UNUSED_FUNCTION = YES;
				GCC_WARN_UNUSED_VARIABLE = YES;
				IPHONEOS_DEPLOYMENT_TARGET = 15.5;
				MTL_ENABLE_DEBUG_INFO = INCLUDE_SOURCE;
				MTL_FAST_MATH = YES;
				ONLY_ACTIVE_ARCH = YES;
				SDKROOT = iphoneos;
				SWIFT_ACTIVE_COMPILATION_CONDITIONS = DEBUG;
				SWIFT_OPTIMIZATION_LEVEL = "-Onone";
			};
			name = Debug;
		};
		56424E0B2868C1930009BF8E /* Release */ = {
			isa = XCBuildConfiguration;
			buildSettings = {
				ALWAYS_SEARCH_USER_PATHS = NO;
				CLANG_ANALYZER_NONNULL = YES;
				CLANG_ANALYZER_NUMBER_OBJECT_CONVERSION = YES_AGGRESSIVE;
				CLANG_CXX_LANGUAGE_STANDARD = "gnu++17";
				CLANG_ENABLE_MODULES = YES;
				CLANG_ENABLE_OBJC_ARC = YES;
				CLANG_ENABLE_OBJC_WEAK = YES;
				CLANG_WARN_BLOCK_CAPTURE_AUTORELEASING = YES;
				CLANG_WARN_BOOL_CONVERSION = YES;
				CLANG_WARN_COMMA = YES;
				CLANG_WARN_CONSTANT_CONVERSION = YES;
				CLANG_WARN_DEPRECATED_OBJC_IMPLEMENTATIONS = YES;
				CLANG_WARN_DIRECT_OBJC_ISA_USAGE = YES_ERROR;
				CLANG_WARN_DOCUMENTATION_COMMENTS = YES;
				CLANG_WARN_EMPTY_BODY = YES;
				CLANG_WARN_ENUM_CONVERSION = YES;
				CLANG_WARN_INFINITE_RECURSION = YES;
				CLANG_WARN_INT_CONVERSION = YES;
				CLANG_WARN_NON_LITERAL_NULL_CONVERSION = YES;
				CLANG_WARN_OBJC_IMPLICIT_RETAIN_SELF = YES;
				CLANG_WARN_OBJC_LITERAL_CONVERSION = YES;
				CLANG_WARN_OBJC_ROOT_CLASS = YES_ERROR;
				CLANG_WARN_QUOTED_INCLUDE_IN_FRAMEWORK_HEADER = YES;
				CLANG_WARN_RANGE_LOOP_ANALYSIS = YES;
				CLANG_WARN_STRICT_PROTOTYPES = YES;
				CLANG_WARN_SUSPICIOUS_MOVE = YES;
				CLANG_WARN_UNGUARDED_AVAILABILITY = YES_AGGRESSIVE;
				CLANG_WARN_UNREACHABLE_CODE = YES;
				CLANG_WARN__DUPLICATE_METHOD_MATCH = YES;
				COPY_PHASE_STRIP = NO;
				DEBUG_INFORMATION_FORMAT = "dwarf-with-dsym";
				ENABLE_NS_ASSERTIONS = NO;
				ENABLE_STRICT_OBJC_MSGSEND = YES;
				GCC_C_LANGUAGE_STANDARD = gnu11;
				GCC_NO_COMMON_BLOCKS = YES;
				GCC_WARN_64_TO_32_BIT_CONVERSION = YES;
				GCC_WARN_ABOUT_RETURN_TYPE = YES_ERROR;
				GCC_WARN_UNDECLARED_SELECTOR = YES;
				GCC_WARN_UNINITIALIZED_AUTOS = YES_AGGRESSIVE;
				GCC_WARN_UNUSED_FUNCTION = YES;
				GCC_WARN_UNUSED_VARIABLE = YES;
				IPHONEOS_DEPLOYMENT_TARGET = 15.5;
				MTL_ENABLE_DEBUG_INFO = NO;
				MTL_FAST_MATH = YES;
				SDKROOT = iphoneos;
				SWIFT_COMPILATION_MODE = wholemodule;
				SWIFT_OPTIMIZATION_LEVEL = "-O";
				VALIDATE_PRODUCT = YES;
			};
			name = Release;
		};
		56424E0D2868C1930009BF8E /* Debug */ = {
			isa = XCBuildConfiguration;
			buildSettings = {
				ASSETCATALOG_COMPILER_APPICON_NAME = AppIcon;
				ASSETCATALOG_COMPILER_GLOBAL_ACCENT_COLOR_NAME = AccentColor;
				CODE_SIGN_STYLE = Automatic;
				CURRENT_PROJECT_VERSION = 1;
				DEVELOPMENT_TEAM = F4M4GQADT5;
				GENERATE_INFOPLIST_FILE = YES;
				INFOPLIST_FILE = VehicleMap/Info.plist;
				INFOPLIST_KEY_UIApplicationSupportsIndirectInputEvents = YES;
				INFOPLIST_KEY_UILaunchStoryboardName = LaunchScreen;
				INFOPLIST_KEY_UIMainStoryboardFile = LaunchScreen;
				INFOPLIST_KEY_UISupportedInterfaceOrientations = UIInterfaceOrientationPortrait;
				INFOPLIST_KEY_UISupportedInterfaceOrientations_iPad = "UIInterfaceOrientationPortrait UIInterfaceOrientationPortraitUpsideDown UIInterfaceOrientationLandscapeLeft UIInterfaceOrientationLandscapeRight";
				INFOPLIST_KEY_UISupportedInterfaceOrientations_iPhone = "UIInterfaceOrientationPortrait UIInterfaceOrientationLandscapeLeft UIInterfaceOrientationLandscapeRight";
				LD_RUNPATH_SEARCH_PATHS = (
					"$(inherited)",
					"@executable_path/Frameworks",
				);
				MARKETING_VERSION = 1.0;
				PRODUCT_BUNDLE_IDENTIFIER = com.mertkoraltan.VehicleMap;
				PRODUCT_NAME = "$(TARGET_NAME)";
				SWIFT_EMIT_LOC_STRINGS = YES;
				SWIFT_VERSION = 5.0;
				TARGETED_DEVICE_FAMILY = 1;
			};
			name = Debug;
		};
		56424E0E2868C1930009BF8E /* Release */ = {
			isa = XCBuildConfiguration;
			buildSettings = {
				ASSETCATALOG_COMPILER_APPICON_NAME = AppIcon;
				ASSETCATALOG_COMPILER_GLOBAL_ACCENT_COLOR_NAME = AccentColor;
				CODE_SIGN_STYLE = Automatic;
				CURRENT_PROJECT_VERSION = 1;
				DEVELOPMENT_TEAM = F4M4GQADT5;
				GENERATE_INFOPLIST_FILE = YES;
				INFOPLIST_FILE = VehicleMap/Info.plist;
				INFOPLIST_KEY_UIApplicationSupportsIndirectInputEvents = YES;
				INFOPLIST_KEY_UILaunchStoryboardName = LaunchScreen;
				INFOPLIST_KEY_UIMainStoryboardFile = LaunchScreen;
				INFOPLIST_KEY_UISupportedInterfaceOrientations = UIInterfaceOrientationPortrait;
				INFOPLIST_KEY_UISupportedInterfaceOrientations_iPad = "UIInterfaceOrientationPortrait UIInterfaceOrientationPortraitUpsideDown UIInterfaceOrientationLandscapeLeft UIInterfaceOrientationLandscapeRight";
				INFOPLIST_KEY_UISupportedInterfaceOrientations_iPhone = "UIInterfaceOrientationPortrait UIInterfaceOrientationLandscapeLeft UIInterfaceOrientationLandscapeRight";
				LD_RUNPATH_SEARCH_PATHS = (
					"$(inherited)",
					"@executable_path/Frameworks",
				);
				MARKETING_VERSION = 1.0;
				PRODUCT_BUNDLE_IDENTIFIER = com.mertkoraltan.VehicleMap;
				PRODUCT_NAME = "$(TARGET_NAME)";
				SWIFT_EMIT_LOC_STRINGS = YES;
				SWIFT_VERSION = 5.0;
				TARGETED_DEVICE_FAMILY = 1;
			};
			name = Release;
		};
/* End XCBuildConfiguration section */

/* Begin XCConfigurationList section */
		56424DF32868C1920009BF8E /* Build configuration list for PBXProject "VehicleMap" */ = {
			isa = XCConfigurationList;
			buildConfigurations = (
				56424E0A2868C1930009BF8E /* Debug */,
				56424E0B2868C1930009BF8E /* Release */,
			);
			defaultConfigurationIsVisible = 0;
			defaultConfigurationName = Release;
		};
		56424E0C2868C1930009BF8E /* Build configuration list for PBXNativeTarget "VehicleMap" */ = {
			isa = XCConfigurationList;
			buildConfigurations = (
				56424E0D2868C1930009BF8E /* Debug */,
				56424E0E2868C1930009BF8E /* Release */,
			);
			defaultConfigurationIsVisible = 0;
			defaultConfigurationName = Release;
		};
/* End XCConfigurationList section */
	};
	rootObject = 56424DF02868C1920009BF8E /* Project object */;
}
